// !$*UTF8*$!
{
	archiveVersion = 1;
	classes = {
	};
	objectVersion = 46;
	objects = {

/* Begin PBXBuildFile section */
		6B41D0D219CAC9DF00C697D4 /* Foundation.framework in Frameworks */ = {isa = PBXBuildFile; fileRef = 6B41D0D119CAC9DF00C697D4 /* Foundation.framework */; };
		6B41D0D419CAC9DF00C697D4 /* CoreGraphics.framework in Frameworks */ = {isa = PBXBuildFile; fileRef = 6B41D0D319CAC9DF00C697D4 /* CoreGraphics.framework */; };
		6B41D0D619CAC9DF00C697D4 /* UIKit.framework in Frameworks */ = {isa = PBXBuildFile; fileRef = 6B41D0D519CAC9DF00C697D4 /* UIKit.framework */; };
		6B41D0DC19CAC9DF00C697D4 /* InfoPlist.strings in Resources */ = {isa = PBXBuildFile; fileRef = 6B41D0DA19CAC9DF00C697D4 /* InfoPlist.strings */; };
		6B41D0DE19CAC9DF00C697D4 /* main.m in Sources */ = {isa = PBXBuildFile; fileRef = 6B41D0DD19CAC9DF00C697D4 /* main.m */; };
		6B41D0E219CAC9DF00C697D4 /* KSAppDelegate.m in Sources */ = {isa = PBXBuildFile; fileRef = 6B41D0E119CAC9DF00C697D4 /* KSAppDelegate.m */; };
		6B41D0E519CAC9DF00C697D4 /* Main.storyboard in Resources */ = {isa = PBXBuildFile; fileRef = 6B41D0E319CAC9DF00C697D4 /* Main.storyboard */; };
		6B41D0E819CAC9DF00C697D4 /* KSViewController.m in Sources */ = {isa = PBXBuildFile; fileRef = 6B41D0E719CAC9DF00C697D4 /* KSViewController.m */; };
		6B41D0EA19CAC9DF00C697D4 /* Images.xcassets in Resources */ = {isa = PBXBuildFile; fileRef = 6B41D0E919CAC9DF00C697D4 /* Images.xcassets */; };
		6B41D0F119CAC9DF00C697D4 /* XCTest.framework in Frameworks */ = {isa = PBXBuildFile; fileRef = 6B41D0F019CAC9DF00C697D4 /* XCTest.framework */; };
		6B41D0F219CAC9DF00C697D4 /* Foundation.framework in Frameworks */ = {isa = PBXBuildFile; fileRef = 6B41D0D119CAC9DF00C697D4 /* Foundation.framework */; };
		6B41D0F319CAC9DF00C697D4 /* UIKit.framework in Frameworks */ = {isa = PBXBuildFile; fileRef = 6B41D0D519CAC9DF00C697D4 /* UIKit.framework */; };
		6B41D0FB19CAC9DF00C697D4 /* InfoPlist.strings in Resources */ = {isa = PBXBuildFile; fileRef = 6B41D0F919CAC9DF00C697D4 /* InfoPlist.strings */; };
		6B41D0FD19CAC9DF00C697D4 /* Git_TestTests.m in Sources */ = {isa = PBXBuildFile; fileRef = 6B41D0FC19CAC9DF00C697D4 /* Git_TestTests.m */; };
/* End PBXBuildFile section */

/* Begin PBXContainerItemProxy section */
		6B41D0F419CAC9DF00C697D4 /* PBXContainerItemProxy */ = {
			isa = PBXContainerItemProxy;
			containerPortal = 6B41D0C619CAC9DF00C697D4 /* Project object */;
			proxyType = 1;
			remoteGlobalIDString = 6B41D0CD19CAC9DF00C697D4;
			remoteInfo = Git_Test;
		};
/* End PBXContainerItemProxy section */

/* Begin PBXFileReference section */
		6B41D0CE19CAC9DF00C697D4 /* Git_Test.app */ = {isa = PBXFileReference; explicitFileType = wrapper.application; includeInIndex = 0; path = Git_Test.app; sourceTree = BUILT_PRODUCTS_DIR; };
		6B41D0D119CAC9DF00C697D4 /* Foundation.framework */ = {isa = PBXFileReference; lastKnownFileType = wrapper.framework; name = Foundation.framework; path = System/Library/Frameworks/Foundation.framework; sourceTree = SDKROOT; };
		6B41D0D319CAC9DF00C697D4 /* CoreGraphics.framework */ = {isa = PBXFileReference; lastKnownFileType = wrapper.framework; name = CoreGraphics.framework; path = System/Library/Frameworks/CoreGraphics.framework; sourceTree = SDKROOT; };
		6B41D0D519CAC9DF00C697D4 /* UIKit.framework */ = {isa = PBXFileReference; lastKnownFileType = wrapper.framework; name = UIKit.framework; path = System/Library/Frameworks/UIKit.framework; sourceTree = SDKROOT; };
		6B41D0D919CAC9DF00C697D4 /* Git_Test-Info.plist */ = {isa = PBXFileReference; lastKnownFileType = text.plist.xml; path = "Git_Test-Info.plist"; sourceTree = "<group>"; };
		6B41D0DB19CAC9DF00C697D4 /* en */ = {isa = PBXFileReference; lastKnownFileType = text.plist.strings; name = en; path = en.lproj/InfoPlist.strings; sourceTree = "<group>"; };
		6B41D0DD19CAC9DF00C697D4 /* main.m */ = {isa = PBXFileReference; lastKnownFileType = sourcecode.c.objc; path = main.m; sourceTree = "<group>"; };
		6B41D0DF19CAC9DF00C697D4 /* Git_Test-Prefix.pch */ = {isa = PBXFileReference; lastKnownFileType = sourcecode.c.h; path = "Git_Test-Prefix.pch"; sourceTree = "<group>"; };
		6B41D0E019CAC9DF00C697D4 /* KSAppDelegate.h */ = {isa = PBXFileReference; lastKnownFileType = sourcecode.c.h; path = KSAppDelegate.h; sourceTree = "<group>"; };
		6B41D0E119CAC9DF00C697D4 /* KSAppDelegate.m */ = {isa = PBXFileReference; lastKnownFileType = sourcecode.c.objc; path = KSAppDelegate.m; sourceTree = "<group>"; };
		6B41D0E419CAC9DF00C697D4 /* Base */ = {isa = PBXFileReference; lastKnownFileType = file.storyboard; name = Base; path = Base.lproj/Main.storyboard; sourceTree = "<group>"; };
		6B41D0E619CAC9DF00C697D4 /* KSViewController.h */ = {isa = PBXFileReference; lastKnownFileType = sourcecode.c.h; path = KSViewController.h; sourceTree = "<group>"; };
		6B41D0E719CAC9DF00C697D4 /* KSViewController.m */ = {isa = PBXFileReference; lastKnownFileType = sourcecode.c.objc; path = KSViewController.m; sourceTree = "<group>"; };
		6B41D0E919CAC9DF00C697D4 /* Images.xcassets */ = {isa = PBXFileReference; lastKnownFileType = folder.assetcatalog; path = Images.xcassets; sourceTree = "<group>"; };
		6B41D0EF19CAC9DF00C697D4 /* Git_TestTests.xctest */ = {isa = PBXFileReference; explicitFileType = wrapper.cfbundle; includeInIndex = 0; path = Git_TestTests.xctest; sourceTree = BUILT_PRODUCTS_DIR; };
		6B41D0F019CAC9DF00C697D4 /* XCTest.framework */ = {isa = PBXFileReference; lastKnownFileType = wrapper.framework; name = XCTest.framework; path = Library/Frameworks/XCTest.framework; sourceTree = DEVELOPER_DIR; };
		6B41D0F819CAC9DF00C697D4 /* Git_TestTests-Info.plist */ = {isa = PBXFileReference; lastKnownFileType = text.plist.xml; path = "Git_TestTests-Info.plist"; sourceTree = "<group>"; };
		6B41D0FA19CAC9DF00C697D4 /* en */ = {isa = PBXFileReference; lastKnownFileType = text.plist.strings; name = en; path = en.lproj/InfoPlist.strings; sourceTree = "<group>"; };
		6B41D0FC19CAC9DF00C697D4 /* Git_TestTests.m */ = {isa = PBXFileReference; lastKnownFileType = sourcecode.c.objc; path = Git_TestTests.m; sourceTree = "<group>"; };
/* End PBXFileReference section */

/* Begin PBXFrameworksBuildPhase section */
		6B41D0CB19CAC9DF00C697D4 /* Frameworks */ = {
			isa = PBXFrameworksBuildPhase;
			buildActionMask = 2147483647;
			files = (
				6B41D0D419CAC9DF00C697D4 /* CoreGraphics.framework in Frameworks */,
				6B41D0D619CAC9DF00C697D4 /* UIKit.framework in Frameworks */,
				6B41D0D219CAC9DF00C697D4 /* Foundation.framework in Frameworks */,
			);
			runOnlyForDeploymentPostprocessing = 0;
		};
		6B41D0EC19CAC9DF00C697D4 /* Frameworks */ = {
			isa = PBXFrameworksBuildPhase;
			buildActionMask = 2147483647;
			files = (
				6B41D0F119CAC9DF00C697D4 /* XCTest.framework in Frameworks */,
				6B41D0F319CAC9DF00C697D4 /* UIKit.framework in Frameworks */,
				6B41D0F219CAC9DF00C697D4 /* Foundation.framework in Frameworks */,
			);
			runOnlyForDeploymentPostprocessing = 0;
		};
/* End PBXFrameworksBuildPhase section */

/* Begin PBXGroup section */
		6B41D0C519CAC9DF00C697D4 = {
			isa = PBXGroup;
			children = (
				6B41D0D719CAC9DF00C697D4 /* Git_Test */,
				6B41D0F619CAC9DF00C697D4 /* Git_TestTests */,
				6B41D0D019CAC9DF00C697D4 /* Frameworks */,
				6B41D0CF19CAC9DF00C697D4 /* Products */,
			);
			sourceTree = "<group>";
		};
		6B41D0CF19CAC9DF00C697D4 /* Products */ = {
			isa = PBXGroup;
			children = (
				6B41D0CE19CAC9DF00C697D4 /* Git_Test.app */,
				6B41D0EF19CAC9DF00C697D4 /* Git_TestTests.xctest */,
			);
			name = Products;
			sourceTree = "<group>";
		};
		6B41D0D019CAC9DF00C697D4 /* Frameworks */ = {
			isa = PBXGroup;
			children = (
				6B41D0D119CAC9DF00C697D4 /* Foundation.framework */,
				6B41D0D319CAC9DF00C697D4 /* CoreGraphics.framework */,
				6B41D0D519CAC9DF00C697D4 /* UIKit.framework */,
				6B41D0F019CAC9DF00C697D4 /* XCTest.framework */,
			);
			name = Frameworks;
			sourceTree = "<group>";
		};
		6B41D0D719CAC9DF00C697D4 /* Git_Test */ = {
			isa = PBXGroup;
			children = (
				6B41D0E019CAC9DF00C697D4 /* KSAppDelegate.h */,
				6B41D0E119CAC9DF00C697D4 /* KSAppDelegate.m */,
				6B41D0E319CAC9DF00C697D4 /* Main.storyboard */,
				6B41D0E619CAC9DF00C697D4 /* KSViewController.h */,
				6B41D0E719CAC9DF00C697D4 /* KSViewController.m */,
				6B41D0E919CAC9DF00C697D4 /* Images.xcassets */,
				6B41D0D819CAC9DF00C697D4 /* Supporting Files */,
			);
			path = Git_Test;
			sourceTree = "<group>";
		};
		6B41D0D819CAC9DF00C697D4 /* Supporting Files */ = {
			isa = PBXGroup;
			children = (
				6B41D0D919CAC9DF00C697D4 /* Git_Test-Info.plist */,
				6B41D0DA19CAC9DF00C697D4 /* InfoPlist.strings */,
				6B41D0DD19CAC9DF00C697D4 /* main.m */,
				6B41D0DF19CAC9DF00C697D4 /* Git_Test-Prefix.pch */,
			);
			name = "Supporting Files";
			sourceTree = "<group>";
		};
		6B41D0F619CAC9DF00C697D4 /* Git_TestTests */ = {
			isa = PBXGroup;
			children = (
				6B41D0FC19CAC9DF00C697D4 /* Git_TestTests.m */,
				6B41D0F719CAC9DF00C697D4 /* Supporting Files */,
			);
			path = Git_TestTests;
			sourceTree = "<group>";
		};
		6B41D0F719CAC9DF00C697D4 /* Supporting Files */ = {
			isa = PBXGroup;
			children = (
				6B41D0F819CAC9DF00C697D4 /* Git_TestTests-Info.plist */,
				6B41D0F919CAC9DF00C697D4 /* InfoPlist.strings */,
			);
			name = "Supporting Files";
			sourceTree = "<group>";
		};
/* End PBXGroup section */

/* Begin PBXNativeTarget section */
		6B41D0CD19CAC9DF00C697D4 /* Git_Test */ = {
			isa = PBXNativeTarget;
			buildConfigurationList = 6B41D10019CAC9DF00C697D4 /* Build configuration list for PBXNativeTarget "Git_Test" */;
			buildPhases = (
				6B41D0CA19CAC9DF00C697D4 /* Sources */,
				6B41D0CB19CAC9DF00C697D4 /* Frameworks */,
				6B41D0CC19CAC9DF00C697D4 /* Resources */,
			);
			buildRules = (
			);
			dependencies = (
			);
			name = Git_Test;
			productName = Git_Test;
			productReference = 6B41D0CE19CAC9DF00C697D4 /* Git_Test.app */;
			productType = "com.apple.product-type.application";
		};
		6B41D0EE19CAC9DF00C697D4 /* Git_TestTests */ = {
			isa = PBXNativeTarget;
			buildConfigurationList = 6B41D10319CAC9DF00C697D4 /* Build configuration list for PBXNativeTarget "Git_TestTests" */;
			buildPhases = (
				6B41D0EB19CAC9DF00C697D4 /* Sources */,
				6B41D0EC19CAC9DF00C697D4 /* Frameworks */,
				6B41D0ED19CAC9DF00C697D4 /* Resources */,
			);
			buildRules = (
			);
			dependencies = (
				6B41D0F519CAC9DF00C697D4 /* PBXTargetDependency */,
			);
			name = Git_TestTests;
			productName = Git_TestTests;
			productReference = 6B41D0EF19CAC9DF00C697D4 /* Git_TestTests.xctest */;
			productType = "com.apple.product-type.bundle.unit-test";
		};
/* End PBXNativeTarget section */

/* Begin PBXProject section */
		6B41D0C619CAC9DF00C697D4 /* Project object */ = {
			isa = PBXProject;
			attributes = {
				CLASSPREFIX = KS;
				LastUpgradeCheck = 0510;
				ORGANIZATIONNAME = "Krishnakant Mishra";
				TargetAttributes = {
					6B41D0EE19CAC9DF00C697D4 = {
						TestTargetID = 6B41D0CD19CAC9DF00C697D4;
					};
				};
			};
			buildConfigurationList = 6B41D0C919CAC9DF00C697D4 /* Build configuration list for PBXProject "Git_Test" */;
			compatibilityVersion = "Xcode 3.2";
			developmentRegion = English;
			hasScannedForEncodings = 0;
			knownRegions = (
				en,
				Base,
			);
			mainGroup = 6B41D0C519CAC9DF00C697D4;
			productRefGroup = 6B41D0CF19CAC9DF00C697D4 /* Products */;
			projectDirPath = "";
			projectRoot = "";
			targets = (
				6B41D0CD19CAC9DF00C697D4 /* Git_Test */,
				6B41D0EE19CAC9DF00C697D4 /* Git_TestTests */,
			);
		};
/* End PBXProject section */

/* Begin PBXResourcesBuildPhase section */
		6B41D0CC19CAC9DF00C697D4 /* Resources */ = {
			isa = PBXResourcesBuildPhase;
			buildActionMask = 2147483647;
			files = (
				6B41D0EA19CAC9DF00C697D4 /* Images.xcassets in Resources */,
				6B41D0DC19CAC9DF00C697D4 /* InfoPlist.strings in Resources */,
				6B41D0E519CAC9DF00C697D4 /* Main.storyboard in Resources */,
			);
			runOnlyForDeploymentPostprocessing = 0;
		};
		6B41D0ED19CAC9DF00C697D4 /* Resources */ = {
			isa = PBXResourcesBuildPhase;
			buildActionMask = 2147483647;
			files = (
				6B41D0FB19CAC9DF00C697D4 /* InfoPlist.strings in Resources */,
			);
			runOnlyForDeploymentPostprocessing = 0;
		};
/* End PBXResourcesBuildPhase section */

/* Begin PBXSourcesBuildPhase section */
		6B41D0CA19CAC9DF00C697D4 /* Sources */ = {
			isa = PBXSourcesBuildPhase;
			buildActionMask = 2147483647;
			files = (
				6B41D0E819CAC9DF00C697D4 /* KSViewController.m in Sources */,
				6B41D0E219CAC9DF00C697D4 /* KSAppDelegate.m in Sources */,
				6B41D0DE19CAC9DF00C697D4 /* main.m in Sources */,
			);
			runOnlyForDeploymentPostprocessing = 0;
		};
		6B41D0EB19CAC9DF00C697D4 /* Sources */ = {
			isa = PBXSourcesBuildPhase;
			buildActionMask = 2147483647;
			files = (
				6B41D0FD19CAC9DF00C697D4 /* Git_TestTests.m in Sources */,
			);
			runOnlyForDeploymentPostprocessing = 0;
		};
/* End PBXSourcesBuildPhase section */

/* Begin PBXTargetDependency section */
		6B41D0F519CAC9DF00C697D4 /* PBXTargetDependency */ = {
			isa = PBXTargetDependency;
			target = 6B41D0CD19CAC9DF00C697D4 /* Git_Test */;
			targetProxy = 6B41D0F419CAC9DF00C697D4 /* PBXContainerItemProxy */;
		};
/* End PBXTargetDependency section */

/* Begin PBXVariantGroup section */
		6B41D0DA19CAC9DF00C697D4 /* InfoPlist.strings */ = {
			isa = PBXVariantGroup;
			children = (
				6B41D0DB19CAC9DF00C697D4 /* en */,
			);
			name = InfoPlist.strings;
			sourceTree = "<group>";
		};
		6B41D0E319CAC9DF00C697D4 /* Main.storyboard */ = {
			isa = PBXVariantGroup;
			children = (
				6B41D0E419CAC9DF00C697D4 /* Base */,
			);
			name = Main.storyboard;
			sourceTree = "<group>";
		};
		6B41D0F919CAC9DF00C697D4 /* InfoPlist.strings */ = {
			isa = PBXVariantGroup;
			children = (
				6B41D0FA19CAC9DF00C697D4 /* en */,
			);
			name = InfoPlist.strings;
			sourceTree = "<group>";
		};
/* End PBXVariantGroup section */

/* Begin XCBuildConfiguration section */
		6B41D0FE19CAC9DF00C697D4 /* Debug */ = {
			isa = XCBuildConfiguration;
			buildSettings = {
				ALWAYS_SEARCH_USER_PATHS = NO;
				CLANG_CXX_LANGUAGE_STANDARD = "gnu++0x";
				CLANG_CXX_LIBRARY = "libc++";
				CLANG_ENABLE_MODULES = YES;
				CLANG_ENABLE_OBJC_ARC = YES;
				CLANG_WARN_BOOL_CONVERSION = YES;
				CLANG_WARN_CONSTANT_CONVERSION = YES;
				CLANG_WARN_DIRECT_OBJC_ISA_USAGE = YES_ERROR;
				CLANG_WARN_EMPTY_BODY = YES;
				CLANG_WARN_ENUM_CONVERSION = YES;
				CLANG_WARN_INT_CONVERSION = YES;
				CLANG_WARN_OBJC_ROOT_CLASS = YES_ERROR;
				CLANG_WARN__DUPLICATE_METHOD_MATCH = YES;
				"CODE_SIGN_IDENTITY[sdk=iphoneos*]" = "iPhone Developer";
				COPY_PHASE_STRIP = NO;
				GCC_C_LANGUAGE_STANDARD = gnu99;
				GCC_DYNAMIC_NO_PIC = NO;
				GCC_OPTIMIZATION_LEVEL = 0;
				GCC_PREPROCESSOR_DEFINITIONS = (
					"DEBUG=1",
					"$(inherited)",
				);
				GCC_SYMBOLS_PRIVATE_EXTERN = NO;
				GCC_WARN_64_TO_32_BIT_CONVERSION = YES;
				GCC_WARN_ABOUT_RETURN_TYPE = YES_ERROR;
				GCC_WARN_UNDECLARED_SELECTOR = YES;
				GCC_WARN_UNINITIALIZED_AUTOS = YES_AGGRESSIVE;
				GCC_WARN_UNUSED_FUNCTION = YES;
				GCC_WARN_UNUSED_VARIABLE = YES;
				IPHONEOS_DEPLOYMENT_TARGET = 7.1;
				ONLY_ACTIVE_ARCH = YES;
				SDKROOT = iphoneos;
			};
			name = Debug;
		};
		6B41D0FF19CAC9DF00C697D4 /* Release */ = {
			isa = XCBuildConfiguration;
			buildSettings = {
				ALWAYS_SEARCH_USER_PATHS = NO;
				CLANG_CXX_LANGUAGE_STANDARD = "gnu++0x";
				CLANG_CXX_LIBRARY = "libc++";
				CLANG_ENABLE_MODULES = YES;
				CLANG_ENABLE_OBJC_ARC = YES;
				CLANG_WARN_BOOL_CONVERSION = YES;
				CLANG_WARN_CONSTANT_CONVERSION = YES;
				CLANG_WARN_DIRECT_OBJC_ISA_USAGE = YES_ERROR;
				CLANG_WARN_EMPTY_BODY = YES;
				CLANG_WARN_ENUM_CONVERSION = YES;
				CLANG_WARN_INT_CONVERSION = YES;
				CLANG_WARN_OBJC_ROOT_CLASS = YES_ERROR;
				CLANG_WARN__DUPLICATE_METHOD_MATCH = YES;
				"CODE_SIGN_IDENTITY[sdk=iphoneos*]" = "iPhone Developer";
				COPY_PHASE_STRIP = YES;
				ENABLE_NS_ASSERTIONS = NO;
				GCC_C_LANGUAGE_STANDARD = gnu99;
				GCC_WARN_64_TO_32_BIT_CONVERSION = YES;
				GCC_WARN_ABOUT_RETURN_TYPE = YES_ERROR;
				GCC_WARN_UNDECLARED_SELECTOR = YES;
				GCC_WARN_UNINITIALIZED_AUTOS = YES_AGGRESSIVE;
				GCC_WARN_UNUSED_FUNCTION = YES;
				GCC_WARN_UNUSED_VARIABLE = YES;
				IPHONEOS_DEPLOYMENT_TARGET = 7.1;
				SDKROOT = iphoneos;
				VALIDATE_PRODUCT = YES;
			};
			name = Release;
		};
		6B41D10119CAC9DF00C697D4 /* Debug */ = {
			isa = XCBuildConfiguration;
			buildSettings = {
				ASSETCATALOG_COMPILER_APPICON_NAME = AppIcon;
				ASSETCATALOG_COMPILER_LAUNCHIMAGE_NAME = LaunchImage;
				GCC_PRECOMPILE_PREFIX_HEADER = YES;
				GCC_PREFIX_HEADER = "Git_Test/Git_Test-Prefix.pch";
				INFOPLIST_FILE = "Git_Test/Git_Test-Info.plist";
				PRODUCT_NAME = "$(TARGET_NAME)";
				WRAPPER_EXTENSION = app;
			};
			name = Debug;
		};
		6B41D10219CAC9DF00C697D4 /* Release */ = {
			isa = XCBuildConfiguration;
			buildSettings = {
				ASSETCATALOG_COMPILER_APPICON_NAME = AppIcon;
				ASSETCATALOG_COMPILER_LAUNCHIMAGE_NAME = LaunchImage;
				GCC_PRECOMPILE_PREFIX_HEADER = YES;
				GCC_PREFIX_HEADER = "Git_Test/Git_Test-Prefix.pch";
				INFOPLIST_FILE = "Git_Test/Git_Test-Info.plist";
				PRODUCT_NAME = "$(TARGET_NAME)";
				WRAPPER_EXTENSION = app;
			};
			name = Release;
		};
		6B41D10419CAC9DF00C697D4 /* Debug */ = {
			isa = XCBuildConfiguration;
			buildSettings = {
				BUNDLE_LOADER = "$(BUILT_PRODUCTS_DIR)/Git_Test.app/Git_Test";
				FRAMEWORK_SEARCH_PATHS = (
					"$(SDKROOT)/Developer/Library/Frameworks",
					"$(inherited)",
					"$(DEVELOPER_FRAMEWORKS_DIR)",
				);
				GCC_PRECOMPILE_PREFIX_HEADER = YES;
				GCC_PREFIX_HEADER = "Git_Test/Git_Test-Prefix.pch";
				GCC_PREPROCESSOR_DEFINITIONS = (
					"DEBUG=1",
					"$(inherited)",
				);
				INFOPLIST_FILE = "Git_TestTests/Git_TestTests-Info.plist";
				PRODUCT_NAME = "$(TARGET_NAME)";
				TEST_HOST = "$(BUNDLE_LOADER)";
				WRAPPER_EXTENSION = xctest;
			};
			name = Debug;
		};
		6B41D10519CAC9DF00C697D4 /* Release */ = {
			isa = XCBuildConfiguration;
			buildSettings = {
				BUNDLE_LOADER = "$(BUILT_PRODUCTS_DIR)/Git_Test.app/Git_Test";
				FRAMEWORK_SEARCH_PATHS = (
					"$(SDKROOT)/Developer/Library/Frameworks",
					"$(inherited)",
					"$(DEVELOPER_FRAMEWORKS_DIR)",
				);
				GCC_PRECOMPILE_PREFIX_HEADER = YES;
				GCC_PREFIX_HEADER = "Git_Test/Git_Test-Prefix.pch";
				INFOPLIST_FILE = "Git_TestTests/Git_TestTests-Info.plist";
				PRODUCT_NAME = "$(TARGET_NAME)";
				TEST_HOST = "$(BUNDLE_LOADER)";
				WRAPPER_EXTENSION = xctest;
			};
			name = Release;
		};
/* End XCBuildConfiguration section */

/* Begin XCConfigurationList section */
		6B41D0C919CAC9DF00C697D4 /* Build configuration list for PBXProject "Git_Test" */ = {
			isa = XCConfigurationList;
			buildConfigurations = (
				6B41D0FE19CAC9DF00C697D4 /* Debug */,
				6B41D0FF19CAC9DF00C697D4 /* Release */,
			);
			defaultConfigurationIsVisible = 0;
			defaultConfigurationName = Release;
		};
		6B41D10019CAC9DF00C697D4 /* Build configuration list for PBXNativeTarget "Git_Test" */ = {
			isa = XCConfigurationList;
			buildConfigurations = (
				6B41D10119CAC9DF00C697D4 /* Debug */,
				6B41D10219CAC9DF00C697D4 /* Release */,
			);
			defaultConfigurationIsVisible = 0;
		};
		6B41D10319CAC9DF00C697D4 /* Build configuration list for PBXNativeTarget "Git_TestTests" */ = {
			isa = XCConfigurationList;
			buildConfigurations = (
				6B41D10419CAC9DF00C697D4 /* Debug */,
				6B41D10519CAC9DF00C697D4 /* Release */,
			);
			defaultConfigurationIsVisible = 0;
		};
/* End XCConfigurationList section */
	};
	rootObject = 6B41D0C619CAC9DF00C697D4 /* Project object */;
}
